
Microsoft Visual Studio Solution File, Format Version 12.00
# Visual Studio 2013
VisualStudioVersion = 12.0.21005.1
MinimumVisualStudioVersion = 10.0.40219.1
Project("{FAE04EC0-301F-11D3-BF4B-00C04F79EFBC}") = "Rosier.Akismet.Net", "Rosier.Akismet.Net\Rosier.Akismet.Net.csproj", "{82E69E75-10BD-4021-AEC2-BE753AE807EB}"
EndProject
Project("{FAE04EC0-301F-11D3-BF4B-00C04F79EFBC}") = "Rosier.Akismet.Net.Tests", "Rosier.Akismet.Net.Tests\Rosier.Akismet.Net.Tests.csproj", "{8AD861D4-7E29-499C-B3D5-83517AC07BFC}"
EndProject
Global
	GlobalSection(SolutionConfigurationPlatforms) = preSolution
		Debug|Any CPU = Debug|Any CPU
		Release|Any CPU = Release|Any CPU
	EndGlobalSection
	GlobalSection(ProjectConfigurationPlatforms) = postSolution
		{82E69E75-10BD-4021-AEC2-BE753AE807EB}.Debug|Any CPU.ActiveCfg = Debug|Any CPU
		{82E69E75-10BD-4021-AEC2-BE753AE807EB}.Debug|Any CPU.Build.0 = Debug|Any CPU
		{82E69E75-10BD-4021-AEC2-BE753AE807EB}.Release|Any CPU.ActiveCfg = Release|Any CPU
		{82E69E75-10BD-4021-AEC2-BE753AE807EB}.Release|Any CPU.Build.0 = Release|Any CPU
		{8AD861D4-7E29-499C-B3D5-83517AC07BFC}.Debug|Any CPU.ActiveCfg = Debug|Any CPU
		{8AD861D4-7E29-499C-B3D5-83517AC07BFC}.Debug|Any CPU.Build.0 = Debug|Any CPU
		{8AD861D4-7E29-499C-B3D5-83517AC07BFC}.Release|Any CPU.ActiveCfg = Release|Any CPU
		{8AD861D4-7E29-499C-B3D5-83517AC07BFC}.Release|Any CPU.Build.0 = Release|Any CPU
	EndGlobalSection
	GlobalSection(SolutionProperties) = preSolution
		HideSolutionNode = FALSE
	EndGlobalSection
EndGlobal
